
Microsoft Visual Studio Solution File, Format Version 12.00
# Visual Studio Version 17
VisualStudioVersion = 17.11.35327.3
MinimumVisualStudioVersion = 10.0.40219.1
Project("{FAE04EC0-301F-11D3-BF4B-00C04F79EFBC}") = "CLLama.Console", "CLLama.Console\CLLama.Console.csproj", "{39A66670-A718-482B-96AB-7B94387818EC}"
EndProject
Project("{FAE04EC0-301F-11D3-BF4B-00C04F79EFBC}") = "CLLama.Infrastructure", "CLLama.Infrastructure\CLLama.Infrastructure.csproj", "{14CE45E7-17B9-4544-9879-FA28CA802AEB}"
EndProject
Global
	GlobalSection(SolutionConfigurationPlatforms) = preSolution
		Debug|Any CPU = Debug|Any CPU
		Release|Any CPU = Release|Any CPU
	EndGlobalSection
	GlobalSection(ProjectConfigurationPlatforms) = postSolution
		{39A66670-A718-482B-96AB-7B94387818EC}.Debug|Any CPU.ActiveCfg = Debug|Any CPU
		{39A66670-A718-482B-96AB-7B94387818EC}.Debug|Any CPU.Build.0 = Debug|Any CPU
		{39A66670-A718-482B-96AB-7B94387818EC}.Release|Any CPU.ActiveCfg = Release|Any CPU
		{39A66670-A718-482B-96AB-7B94387818EC}.Release|Any CPU.Build.0 = Release|Any CPU
		{14CE45E7-17B9-4544-9879-FA28CA802AEB}.Debug|Any CPU.ActiveCfg = Debug|Any CPU
		{14CE45E7-17B9-4544-9879-FA28CA802AEB}.Debug|Any CPU.Build.0 = Debug|Any CPU
		{14CE45E7-17B9-4544-9879-FA28CA802AEB}.Release|Any CPU.ActiveCfg = Release|Any CPU
		{14CE45E7-17B9-4544-9879-FA28CA802AEB}.Release|Any CPU.Build.0 = Release|Any CPU
	EndGlobalSection
	GlobalSection(SolutionProperties) = preSolution
		HideSolutionNode = FALSE
	EndGlobalSection
	GlobalSection(ExtensibilityGlobals) = postSolution
		SolutionGuid = {134E0AFB-8863-45A5-A668-8871FA282E65}
	EndGlobalSection
EndGlobal
